// !$*UTF8*$!
{
	archiveVersion = 1;
	classes = {
	};
	objectVersion = 60;
	objects = {

/* Begin PBXBuildFile section */
		1DB9945A2C2C849400790244 /* ReadScrollPositionsAndChangeStartingPointApp.swift in Sources */ = {isa = PBXBuildFile; fileRef = 1DB994592C2C849400790244 /* ReadScrollPositionsAndChangeStartingPointApp.swift */; };
		1DB9945C2C2C849400790244 /* ContentView.swift in Sources */ = {isa = PBXBuildFile; fileRef = 1DB9945B2C2C849400790244 /* ContentView.swift */; };
		1DB9945E2C2C849900790244 /* Assets.xcassets in Resources */ = {isa = PBXBuildFile; fileRef = 1DB9945D2C2C849900790244 /* Assets.xcassets */; };
		1DB994612C2C849900790244 /* Preview Assets.xcassets in Resources */ = {isa = PBXBuildFile; fileRef = 1DB994602C2C849900790244 /* Preview Assets.xcassets */; };
		1DB9946B2C2C849A00790244 /* ReadScrollPositionsAndChangeStartingPointTests.swift in Sources */ = {isa = PBXBuildFile; fileRef = 1DB9946A2C2C849A00790244 /* ReadScrollPositionsAndChangeStartingPointTests.swift */; };
		1DB994752C2C849A00790244 /* ReadScrollPositionsAndChangeStartingPointUITests.swift in Sources */ = {isa = PBXBuildFile; fileRef = 1DB994742C2C849A00790244 /* ReadScrollPositionsAndChangeStartingPointUITests.swift */; };
		1DB994772C2C849A00790244 /* ReadScrollPositionsAndChangeStartingPointUITestsLaunchTests.swift in Sources */ = {isa = PBXBuildFile; fileRef = 1DB994762C2C849A00790244 /* ReadScrollPositionsAndChangeStartingPointUITestsLaunchTests.swift */; };
/* End PBXBuildFile section */

/* Begin PBXContainerItemProxy section */
		1DB994672C2C849A00790244 /* PBXContainerItemProxy */ = {
			isa = PBXContainerItemProxy;
			containerPortal = 1DB9944E2C2C849400790244 /* Project object */;
			proxyType = 1;
			remoteGlobalIDString = 1DB994552C2C849400790244;
			remoteInfo = ReadScrollPositionsAndChangeStartingPoint;
		};
		1DB994712C2C849A00790244 /* PBXContainerItemProxy */ = {
			isa = PBXContainerItemProxy;
			containerPortal = 1DB9944E2C2C849400790244 /* Project object */;
			proxyType = 1;
			remoteGlobalIDString = 1DB994552C2C849400790244;
			remoteInfo = ReadScrollPositionsAndChangeStartingPoint;
		};
/* End PBXContainerItemProxy section */

/* Begin PBXFileReference section */
		1DB994562C2C849400790244 /* ReadScrollPositionsAndChangeStartingPoint.app */ = {isa = PBXFileReference; explicitFileType = wrapper.application; includeInIndex = 0; path = ReadScrollPositionsAndChangeStartingPoint.app; sourceTree = BUILT_PRODUCTS_DIR; };
		1DB994592C2C849400790244 /* ReadScrollPositionsAndChangeStartingPointApp.swift */ = {isa = PBXFileReference; lastKnownFileType = sourcecode.swift; path = ReadScrollPositionsAndChangeStartingPointApp.swift; sourceTree = "<group>"; };
		1DB9945B2C2C849400790244 /* ContentView.swift */ = {isa = PBXFileReference; lastKnownFileType = sourcecode.swift; path = ContentView.swift; sourceTree = "<group>"; };
		1DB9945D2C2C849900790244 /* Assets.xcassets */ = {isa = PBXFileReference; lastKnownFileType = folder.assetcatalog; path = Assets.xcassets; sourceTree = "<group>"; };
		1DB994602C2C849900790244 /* Preview Assets.xcassets */ = {isa = PBXFileReference; lastKnownFileType = folder.assetcatalog; path = "Preview Assets.xcassets"; sourceTree = "<group>"; };
		1DB994662C2C849A00790244 /* ReadScrollPositionsAndChangeStartingPointTests.xctest */ = {isa = PBXFileReference; explicitFileType = wrapper.cfbundle; includeInIndex = 0; path = ReadScrollPositionsAndChangeStartingPointTests.xctest; sourceTree = BUILT_PRODUCTS_DIR; };
		1DB9946A2C2C849A00790244 /* ReadScrollPositionsAndChangeStartingPointTests.swift */ = {isa = PBXFileReference; lastKnownFileType = sourcecode.swift; path = ReadScrollPositionsAndChangeStartingPointTests.swift; sourceTree = "<group>"; };
		1DB994702C2C849A00790244 /* ReadScrollPositionsAndChangeStartingPointUITests.xctest */ = {isa = PBXFileReference; explicitFileType = wrapper.cfbundle; includeInIndex = 0; path = ReadScrollPositionsAndChangeStartingPointUITests.xctest; sourceTree = BUILT_PRODUCTS_DIR; };
		1DB994742C2C849A00790244 /* ReadScrollPositionsAndChangeStartingPointUITests.swift */ = {isa = PBXFileReference; lastKnownFileType = sourcecode.swift; path = ReadScrollPositionsAndChangeStartingPointUITests.swift; sourceTree = "<group>"; };
		1DB994762C2C849A00790244 /* ReadScrollPositionsAndChangeStartingPointUITestsLaunchTests.swift */ = {isa = PBXFileReference; lastKnownFileType = sourcecode.swift; path = ReadScrollPositionsAndChangeStartingPointUITestsLaunchTests.swift; sourceTree = "<group>"; };
/* End PBXFileReference section */

/* Begin PBXFrameworksBuildPhase section */
		1DB994532C2C849400790244 /* Frameworks */ = {
			isa = PBXFrameworksBuildPhase;
			buildActionMask = 2147483647;
			files = (
			);
			runOnlyForDeploymentPostprocessing = 0;
		};
		1DB994632C2C849A00790244 /* Frameworks */ = {
			isa = PBXFrameworksBuildPhase;
			buildActionMask = 2147483647;
			files = (
			);
			runOnlyForDeploymentPostprocessing = 0;
		};
		1DB9946D2C2C849A00790244 /* Frameworks */ = {
			isa = PBXFrameworksBuildPhase;
			buildActionMask = 2147483647;
			files = (
			);
			runOnlyForDeploymentPostprocessing = 0;
		};
/* End PBXFrameworksBuildPhase section */

/* Begin PBXGroup section */
		1DB9944D2C2C849400790244 = {
			isa = PBXGroup;
			children = (
				1DB994582C2C849400790244 /* ReadScrollPositionsAndChangeStartingPoint */,
				1DB994692C2C849A00790244 /* ReadScrollPositionsAndChangeStartingPointTests */,
				1DB994732C2C849A00790244 /* ReadScrollPositionsAndChangeStartingPointUITests */,
				1DB994572C2C849400790244 /* Products */,
			);
			sourceTree = "<group>";
		};
		1DB994572C2C849400790244 /* Products */ = {
			isa = PBXGroup;
			children = (
				1DB994562C2C849400790244 /* ReadScrollPositionsAndChangeStartingPoint.app */,
				1DB994662C2C849A00790244 /* ReadScrollPositionsAndChangeStartingPointTests.xctest */,
				1DB994702C2C849A00790244 /* ReadScrollPositionsAndChangeStartingPointUITests.xctest */,
			);
			name = Products;
			sourceTree = "<group>";
		};
		1DB994582C2C849400790244 /* ReadScrollPositionsAndChangeStartingPoint */ = {
			isa = PBXGroup;
			children = (
				1DB994592C2C849400790244 /* ReadScrollPositionsAndChangeStartingPointApp.swift */,
				1DB9945B2C2C849400790244 /* ContentView.swift */,
				1DB9945D2C2C849900790244 /* Assets.xcassets */,
				1DB9945F2C2C849900790244 /* Preview Content */,
			);
			path = ReadScrollPositionsAndChangeStartingPoint;
			sourceTree = "<group>";
		};
		1DB9945F2C2C849900790244 /* Preview Content */ = {
			isa = PBXGroup;
			children = (
				1DB994602C2C849900790244 /* Preview Assets.xcassets */,
			);
			path = "Preview Content";
			sourceTree = "<group>";
		};
		1DB994692C2C849A00790244 /* ReadScrollPositionsAndChangeStartingPointTests */ = {
			isa = PBXGroup;
			children = (
				1DB9946A2C2C849A00790244 /* ReadScrollPositionsAndChangeStartingPointTests.swift */,
			);
			path = ReadScrollPositionsAndChangeStartingPointTests;
			sourceTree = "<group>";
		};
		1DB994732C2C849A00790244 /* ReadScrollPositionsAndChangeStartingPointUITests */ = {
			isa = PBXGroup;
			children = (
				1DB994742C2C849A00790244 /* ReadScrollPositionsAndChangeStartingPointUITests.swift */,
				1DB994762C2C849A00790244 /* ReadScrollPositionsAndChangeStartingPointUITestsLaunchTests.swift */,
			);
			path = ReadScrollPositionsAndChangeStartingPointUITests;
			sourceTree = "<group>";
		};
/* End PBXGroup section */

/* Begin PBXNativeTarget section */
		1DB994552C2C849400790244 /* ReadScrollPositionsAndChangeStartingPoint */ = {
			isa = PBXNativeTarget;
			buildConfigurationList = 1DB9947A2C2C849A00790244 /* Build configuration list for PBXNativeTarget "ReadScrollPositionsAndChangeStartingPoint" */;
			buildPhases = (
				1DB994522C2C849400790244 /* Sources */,
				1DB994532C2C849400790244 /* Frameworks */,
				1DB994542C2C849400790244 /* Resources */,
			);
			buildRules = (
			);
			dependencies = (
			);
			name = ReadScrollPositionsAndChangeStartingPoint;
			productName = ReadScrollPositionsAndChangeStartingPoint;
			productReference = 1DB994562C2C849400790244 /* ReadScrollPositionsAndChangeStartingPoint.app */;
			productType = "com.apple.product-type.application";
		};
		1DB994652C2C849A00790244 /* ReadScrollPositionsAndChangeStartingPointTests */ = {
			isa = PBXNativeTarget;
			buildConfigurationList = 1DB9947D2C2C849A00790244 /* Build configuration list for PBXNativeTarget "ReadScrollPositionsAndChangeStartingPointTests" */;
			buildPhases = (
				1DB994622C2C849A00790244 /* Sources */,
				1DB994632C2C849A00790244 /* Frameworks */,
				1DB994642C2C849A00790244 /* Resources */,
			);
			buildRules = (
			);
			dependencies = (
				1DB994682C2C849A00790244 /* PBXTargetDependency */,
			);
			name = ReadScrollPositionsAndChangeStartingPointTests;
			productName = ReadScrollPositionsAndChangeStartingPointTests;
			productReference = 1DB994662C2C849A00790244 /* ReadScrollPositionsAndChangeStartingPointTests.xctest */;
			productType = "com.apple.product-type.bundle.unit-test";
		};
		1DB9946F2C2C849A00790244 /* ReadScrollPositionsAndChangeStartingPointUITests */ = {
			isa = PBXNativeTarget;
			buildConfigurationList = 1DB994802C2C849A00790244 /* Build configuration list for PBXNativeTarget "ReadScrollPositionsAndChangeStartingPointUITests" */;
			buildPhases = (
				1DB9946C2C2C849A00790244 /* Sources */,
				1DB9946D2C2C849A00790244 /* Frameworks */,
				1DB9946E2C2C849A00790244 /* Resources */,
			);
			buildRules = (
			);
			dependencies = (
				1DB994722C2C849A00790244 /* PBXTargetDependency */,
			);
			name = ReadScrollPositionsAndChangeStartingPointUITests;
			productName = ReadScrollPositionsAndChangeStartingPointUITests;
			productReference = 1DB994702C2C849A00790244 /* ReadScrollPositionsAndChangeStartingPointUITests.xctest */;
			productType = "com.apple.product-type.bundle.ui-testing";
		};
/* End PBXNativeTarget section */

/* Begin PBXProject section */
		1DB9944E2C2C849400790244 /* Project object */ = {
			isa = PBXProject;
			attributes = {
				BuildIndependentTargetsInParallel = 1;
				LastSwiftUpdateCheck = 1600;
				LastUpgradeCheck = 1600;
				TargetAttributes = {
					1DB994552C2C849400790244 = {
						CreatedOnToolsVersion = 16.0;
					};
					1DB994652C2C849A00790244 = {
						CreatedOnToolsVersion = 16.0;
						TestTargetID = 1DB994552C2C849400790244;
					};
					1DB9946F2C2C849A00790244 = {
						CreatedOnToolsVersion = 16.0;
						TestTargetID = 1DB994552C2C849400790244;
					};
				};
			};
			buildConfigurationList = 1DB994512C2C849400790244 /* Build configuration list for PBXProject "ReadScrollPositionsAndChangeStartingPoint" */;
			compatibilityVersion = "Xcode 15.0";
			developmentRegion = en;
			hasScannedForEncodings = 0;
			knownRegions = (
				en,
				Base,
			);
			mainGroup = 1DB9944D2C2C849400790244;
			productRefGroup = 1DB994572C2C849400790244 /* Products */;
			projectDirPath = "";
			projectRoot = "";
			targets = (
				1DB994552C2C849400790244 /* ReadScrollPositionsAndChangeStartingPoint */,
				1DB994652C2C849A00790244 /* ReadScrollPositionsAndChangeStartingPointTests */,
				1DB9946F2C2C849A00790244 /* ReadScrollPositionsAndChangeStartingPointUITests */,
			);
		};
/* End PBXProject section */

/* Begin PBXResourcesBuildPhase section */
		1DB994542C2C849400790244 /* Resources */ = {
			isa = PBXResourcesBuildPhase;
			buildActionMask = 2147483647;
			files = (
				1DB994612C2C849900790244 /* Preview Assets.xcassets in Resources */,
				1DB9945E2C2C849900790244 /* Assets.xcassets in Resources */,
			);
			runOnlyForDeploymentPostprocessing = 0;
		};
		1DB994642C2C849A00790244 /* Resources */ = {
			isa = PBXResourcesBuildPhase;
			buildActionMask = 2147483647;
			files = (
			);
			runOnlyForDeploymentPostprocessing = 0;
		};
		1DB9946E2C2C849A00790244 /* Resources */ = {
			isa = PBXResourcesBuildPhase;
			buildActionMask = 2147483647;
			files = (
			);
			runOnlyForDeploymentPostprocessing = 0;
		};
/* End PBXResourcesBuildPhase section */

/* Begin PBXSourcesBuildPhase section */
		1DB994522C2C849400790244 /* Sources */ = {
			isa = PBXSourcesBuildPhase;
			buildActionMask = 2147483647;
			files = (
				1DB9945C2C2C849400790244 /* ContentView.swift in Sources */,
				1DB9945A2C2C849400790244 /* ReadScrollPositionsAndChangeStartingPointApp.swift in Sources */,
			);
			runOnlyForDeploymentPostprocessing = 0;
		};
		1DB994622C2C849A00790244 /* Sources */ = {
			isa = PBXSourcesBuildPhase;
			buildActionMask = 2147483647;
			files = (
				1DB9946B2C2C849A00790244 /* ReadScrollPositionsAndChangeStartingPointTests.swift in Sources */,
			);
			runOnlyForDeploymentPostprocessing = 0;
		};
		1DB9946C2C2C849A00790244 /* Sources */ = {
			isa = PBXSourcesBuildPhase;
			buildActionMask = 2147483647;
			files = (
				1DB994752C2C849A00790244 /* ReadScrollPositionsAndChangeStartingPointUITests.swift in Sources */,
				1DB994772C2C849A00790244 /* ReadScrollPositionsAndChangeStartingPointUITestsLaunchTests.swift in Sources */,
			);
			runOnlyForDeploymentPostprocessing = 0;
		};
/* End PBXSourcesBuildPhase section */

/* Begin PBXTargetDependency section */
		1DB994682C2C849A00790244 /* PBXTargetDependency */ = {
			isa = PBXTargetDependency;
			target = 1DB994552C2C849400790244 /* ReadScrollPositionsAndChangeStartingPoint */;
			targetProxy = 1DB994672C2C849A00790244 /* PBXContainerItemProxy */;
		};
		1DB994722C2C849A00790244 /* PBXTargetDependency */ = {
			isa = PBXTargetDependency;
			target = 1DB994552C2C849400790244 /* ReadScrollPositionsAndChangeStartingPoint */;
			targetProxy = 1DB994712C2C849A00790244 /* PBXContainerItemProxy */;
		};
/* End PBXTargetDependency section */

/* Begin XCBuildConfiguration section */
		1DB994782C2C849A00790244 /* Debug */ = {
			isa = XCBuildConfiguration;
			buildSettings = {
				ALWAYS_SEARCH_USER_PATHS = NO;
				ASSETCATALOG_COMPILER_GENERATE_SWIFT_ASSET_SYMBOL_EXTENSIONS = YES;
				CLANG_ANALYZER_NONNULL = YES;
				CLANG_ANALYZER_NUMBER_OBJECT_CONVERSION = YES_AGGRESSIVE;
				CLANG_CXX_LANGUAGE_STANDARD = "gnu++20";
				CLANG_ENABLE_MODULES = YES;
				CLANG_ENABLE_OBJC_ARC = YES;
				CLANG_ENABLE_OBJC_WEAK = YES;
				CLANG_WARN_BLOCK_CAPTURE_AUTORELEASING = YES;
				CLANG_WARN_BOOL_CONVERSION = YES;
				CLANG_WARN_COMMA = YES;
				CLANG_WARN_CONSTANT_CONVERSION = YES;
				CLANG_WARN_DEPRECATED_OBJC_IMPLEMENTATIONS = YES;
				CLANG_WARN_DIRECT_OBJC_ISA_USAGE = YES_ERROR;
				CLANG_WARN_DOCUMENTATION_COMMENTS = YES;
				CLANG_WARN_EMPTY_BODY = YES;
				CLANG_WARN_ENUM_CONVERSION = YES;
				CLANG_WARN_INFINITE_RECURSION = YES;
				CLANG_WARN_INT_CONVERSION = YES;
				CLANG_WARN_NON_LITERAL_NULL_CONVERSION = YES;
				CLANG_WARN_OBJC_IMPLICIT_RETAIN_SELF = YES;
				CLANG_WARN_OBJC_LITERAL_CONVERSION = YES;
				CLANG_WARN_OBJC_ROOT_CLASS = YES_ERROR;
				CLANG_WARN_QUOTED_INCLUDE_IN_FRAMEWORK_HEADER = YES;
				CLANG_WARN_RANGE_LOOP_ANALYSIS = YES;
				CLANG_WARN_STRICT_PROTOTYPES = YES;
				CLANG_WARN_SUSPICIOUS_MOVE = YES;
				CLANG_WARN_UNGUARDED_AVAILABILITY = YES_AGGRESSIVE;
				CLANG_WARN_UNREACHABLE_CODE = YES;
				CLANG_WARN__DUPLICATE_METHOD_MATCH = YES;
				COPY_PHASE_STRIP = NO;
				DEBUG_INFORMATION_FORMAT = dwarf;
				ENABLE_STRICT_OBJC_MSGSEND = YES;
				ENABLE_TESTABILITY = YES;
				ENABLE_USER_SCRIPT_SANDBOXING = YES;
				GCC_C_LANGUAGE_STANDARD = gnu17;
				GCC_DYNAMIC_NO_PIC = NO;
				GCC_NO_COMMON_BLOCKS = YES;
				GCC_OPTIMIZATION_LEVEL = 0;
				GCC_PREPROCESSOR_DEFINITIONS = (
					"DEBUG=1",
					"$(inherited)",
				);
				GCC_WARN_64_TO_32_BIT_CONVERSION = YES;
				GCC_WARN_ABOUT_RETURN_TYPE = YES_ERROR;
				GCC_WARN_UNDECLARED_SELECTOR = YES;
				GCC_WARN_UNINITIALIZED_AUTOS = YES_AGGRESSIVE;
				GCC_WARN_UNUSED_FUNCTION = YES;
				GCC_WARN_UNUSED_VARIABLE = YES;
				IPHONEOS_DEPLOYMENT_TARGET = 18.0;
				LOCALIZATION_PREFERS_STRING_CATALOGS = YES;
				MTL_ENABLE_DEBUG_INFO = INCLUDE_SOURCE;
				MTL_FAST_MATH = YES;
				ONLY_ACTIVE_ARCH = YES;
				SDKROOT = iphoneos;
				SWIFT_ACTIVE_COMPILATION_CONDITIONS = "DEBUG $(inherited)";
				SWIFT_OPTIMIZATION_LEVEL = "-Onone";
			};
			name = Debug;
		};
		1DB994792C2C849A00790244 /* Release */ = {
			isa = XCBuildConfiguration;
			buildSettings = {
				ALWAYS_SEARCH_USER_PATHS = NO;
				ASSETCATALOG_COMPILER_GENERATE_SWIFT_ASSET_SYMBOL_EXTENSIONS = YES;
				CLANG_ANALYZER_NONNULL = YES;
				CLANG_ANALYZER_NUMBER_OBJECT_CONVERSION = YES_AGGRESSIVE;
				CLANG_CXX_LANGUAGE_STANDARD = "gnu++20";
				CLANG_ENABLE_MODULES = YES;
				CLANG_ENABLE_OBJC_ARC = YES;
				CLANG_ENABLE_OBJC_WEAK = YES;
				CLANG_WARN_BLOCK_CAPTURE_AUTORELEASING = YES;
				CLANG_WARN_BOOL_CONVERSION = YES;
				CLANG_WARN_COMMA = YES;
				CLANG_WARN_CONSTANT_CONVERSION = YES;
				CLANG_WARN_DEPRECATED_OBJC_IMPLEMENTATIONS = YES;
				CLANG_WARN_DIRECT_OBJC_ISA_USAGE = YES_ERROR;
				CLANG_WARN_DOCUMENTATION_COMMENTS = YES;
				CLANG_WARN_EMPTY_BODY = YES;
				CLANG_WARN_ENUM_CONVERSION = YES;
				CLANG_WARN_INFINITE_RECURSION = YES;
				CLANG_WARN_INT_CONVERSION = YES;
				CLANG_WARN_NON_LITERAL_NULL_CONVERSION = YES;
				CLANG_WARN_OBJC_IMPLICIT_RETAIN_SELF = YES;
				CLANG_WARN_OBJC_LITERAL_CONVERSION = YES;
				CLANG_WARN_OBJC_ROOT_CLASS = YES_ERROR;
				CLANG_WARN_QUOTED_INCLUDE_IN_FRAMEWORK_HEADER = YES;
				CLANG_WARN_RANGE_LOOP_ANALYSIS = YES;
				CLANG_WARN_STRICT_PROTOTYPES = YES;
				CLANG_WARN_SUSPICIOUS_MOVE = YES;
				CLANG_WARN_UNGUARDED_AVAILABILITY = YES_AGGRESSIVE;
				CLANG_WARN_UNREACHABLE_CODE = YES;
				CLANG_WARN__DUPLICATE_METHOD_MATCH = YES;
				COPY_PHASE_STRIP = NO;
				DEBUG_INFORMATION_FORMAT = "dwarf-with-dsym";
				ENABLE_NS_ASSERTIONS = NO;
				ENABLE_STRICT_OBJC_MSGSEND = YES;
				ENABLE_USER_SCRIPT_SANDBOXING = YES;
				GCC_C_LANGUAGE_STANDARD = gnu17;
				GCC_NO_COMMON_BLOCKS = YES;
				GCC_WARN_64_TO_32_BIT_CONVERSION = YES;
				GCC_WARN_ABOUT_RETURN_TYPE = YES_ERROR;
				GCC_WARN_UNDECLARED_SELECTOR = YES;
				GCC_WARN_UNINITIALIZED_AUTOS = YES_AGGRESSIVE;
				GCC_WARN_UNUSED_FUNCTION = YES;
				GCC_WARN_UNUSED_VARIABLE = YES;
				IPHONEOS_DEPLOYMENT_TARGET = 18.0;
				LOCALIZATION_PREFERS_STRING_CATALOGS = YES;
				MTL_ENABLE_DEBUG_INFO = NO;
				MTL_FAST_MATH = YES;
				SDKROOT = iphoneos;
				SWIFT_COMPILATION_MODE = wholemodule;
				VALIDATE_PRODUCT = YES;
			};
			name = Release;
		};
		1DB9947B2C2C849A00790244 /* Debug */ = {
			isa = XCBuildConfiguration;
			buildSettings = {
				ASSETCATALOG_COMPILER_APPICON_NAME = AppIcon;
				ASSETCATALOG_COMPILER_GLOBAL_ACCENT_COLOR_NAME = AccentColor;
				CODE_SIGN_STYLE = Automatic;
				CURRENT_PROJECT_VERSION = 1;
				DEVELOPMENT_ASSET_PATHS = "\"ReadScrollPositionsAndChangeStartingPoint/Preview Content\"";
				ENABLE_PREVIEWS = YES;
				GENERATE_INFOPLIST_FILE = YES;
				INFOPLIST_KEY_UIApplicationSceneManifest_Generation = YES;
				INFOPLIST_KEY_UIApplicationSupportsIndirectInputEvents = YES;
				INFOPLIST_KEY_UILaunchScreen_Generation = YES;
				INFOPLIST_KEY_UISupportedInterfaceOrientations_iPad = "UIInterfaceOrientationPortrait UIInterfaceOrientationPortraitUpsideDown UIInterfaceOrientationLandscapeLeft UIInterfaceOrientationLandscapeRight";
				INFOPLIST_KEY_UISupportedInterfaceOrientations_iPhone = "UIInterfaceOrientationPortrait UIInterfaceOrientationLandscapeLeft UIInterfaceOrientationLandscapeRight";
				LD_RUNPATH_SEARCH_PATHS = (
					"$(inherited)",
					"@executable_path/Frameworks",
				);
				MARKETING_VERSION = 1.0;
				PRODUCT_BUNDLE_IDENTIFIER = com.ri.ReadScrollPositionsAndChangeStartingPoint;
				PRODUCT_NAME = "$(TARGET_NAME)";
				SWIFT_EMIT_LOC_STRINGS = YES;
				SWIFT_VERSION = 5.0;
				TARGETED_DEVICE_FAMILY = "1,2";
			};
			name = Debug;
		};
		1DB9947C2C2C849A00790244 /* Release */ = {
			isa = XCBuildConfiguration;
			buildSettings = {
				ASSETCATALOG_COMPILER_APPICON_NAME = AppIcon;
				ASSETCATALOG_COMPILER_GLOBAL_ACCENT_COLOR_NAME = AccentColor;
				CODE_SIGN_STYLE = Automatic;
				CURRENT_PROJECT_VERSION = 1;
				DEVELOPMENT_ASSET_PATHS = "\"ReadScrollPositionsAndChangeStartingPoint/Preview Content\"";
				ENABLE_PREVIEWS = YES;
				GENERATE_INFOPLIST_FILE = YES;
				INFOPLIST_KEY_UIApplicationSceneManifest_Generation = YES;
				INFOPLIST_KEY_UIApplicationSupportsIndirectInputEvents = YES;
				INFOPLIST_KEY_UILaunchScreen_Generation = YES;
				INFOPLIST_KEY_UISupportedInterfaceOrientations_iPad = "UIInterfaceOrientationPortrait UIInterfaceOrientationPortraitUpsideDown UIInterfaceOrientationLandscapeLeft UIInterfaceOrientationLandscapeRight";
				INFOPLIST_KEY_UISupportedInterfaceOrientations_iPhone = "UIInterfaceOrientationPortrait UIInterfaceOrientationLandscapeLeft UIInterfaceOrientationLandscapeRight";
				LD_RUNPATH_SEARCH_PATHS = (
					"$(inherited)",
					"@executable_path/Frameworks",
				);
				MARKETING_VERSION = 1.0;
				PRODUCT_BUNDLE_IDENTIFIER = com.ri.ReadScrollPositionsAndChangeStartingPoint;
				PRODUCT_NAME = "$(TARGET_NAME)";
				SWIFT_EMIT_LOC_STRINGS = YES;
				SWIFT_VERSION = 5.0;
				TARGETED_DEVICE_FAMILY = "1,2";
			};
			name = Release;
		};
		1DB9947E2C2C849A00790244 /* Debug */ = {
			isa = XCBuildConfiguration;
			buildSettings = {
				BUNDLE_LOADER = "$(TEST_HOST)";
				CODE_SIGN_STYLE = Automatic;
				CURRENT_PROJECT_VERSION = 1;
				GENERATE_INFOPLIST_FILE = YES;
				IPHONEOS_DEPLOYMENT_TARGET = 18.0;
				MARKETING_VERSION = 1.0;
				PRODUCT_BUNDLE_IDENTIFIER = com.ri.ReadScrollPositionsAndChangeStartingPointTests;
				PRODUCT_NAME = "$(TARGET_NAME)";
				SWIFT_EMIT_LOC_STRINGS = NO;
				SWIFT_VERSION = 5.0;
				TARGETED_DEVICE_FAMILY = "1,2";
				TEST_HOST = "$(BUILT_PRODUCTS_DIR)/ReadScrollPositionsAndChangeStartingPoint.app/$(BUNDLE_EXECUTABLE_FOLDER_PATH)/ReadScrollPositionsAndChangeStartingPoint";
			};
			name = Debug;
		};
		1DB9947F2C2C849A00790244 /* Release */ = {
			isa = XCBuildConfiguration;
			buildSettings = {
				BUNDLE_LOADER = "$(TEST_HOST)";
				CODE_SIGN_STYLE = Automatic;
				CURRENT_PROJECT_VERSION = 1;
				GENERATE_INFOPLIST_FILE = YES;
				IPHONEOS_DEPLOYMENT_TARGET = 18.0;
				MARKETING_VERSION = 1.0;
				PRODUCT_BUNDLE_IDENTIFIER = com.ri.ReadScrollPositionsAndChangeStartingPointTests;
				PRODUCT_NAME = "$(TARGET_NAME)";
				SWIFT_EMIT_LOC_STRINGS = NO;
				SWIFT_VERSION = 5.0;
				TARGETED_DEVICE_FAMILY = "1,2";
				TEST_HOST = "$(BUILT_PRODUCTS_DIR)/ReadScrollPositionsAndChangeStartingPoint.app/$(BUNDLE_EXECUTABLE_FOLDER_PATH)/ReadScrollPositionsAndChangeStartingPoint";
			};
			name = Release;
		};
		1DB994812C2C849A00790244 /* Debug */ = {
			isa = XCBuildConfiguration;
			buildSettings = {
				CODE_SIGN_STYLE = Automatic;
				CURRENT_PROJECT_VERSION = 1;
				GENERATE_INFOPLIST_FILE = YES;
				MARKETING_VERSION = 1.0;
				PRODUCT_BUNDLE_IDENTIFIER = com.ri.ReadScrollPositionsAndChangeStartingPointUITests;
				PRODUCT_NAME = "$(TARGET_NAME)";
				SWIFT_EMIT_LOC_STRINGS = NO;
				SWIFT_VERSION = 5.0;
				TARGETED_DEVICE_FAMILY = "1,2";
				TEST_TARGET_NAME = ReadScrollPositionsAndChangeStartingPoint;
			};
			name = Debug;
		};
		1DB994822C2C849A00790244 /* Release */ = {
			isa = XCBuildConfiguration;
			buildSettings = {
				CODE_SIGN_STYLE = Automatic;
				CURRENT_PROJECT_VERSION = 1;
				GENERATE_INFOPLIST_FILE = YES;
				MARKETING_VERSION = 1.0;
				PRODUCT_BUNDLE_IDENTIFIER = com.ri.ReadScrollPositionsAndChangeStartingPointUITests;
				PRODUCT_NAME = "$(TARGET_NAME)";
				SWIFT_EMIT_LOC_STRINGS = NO;
				SWIFT_VERSION = 5.0;
				TARGETED_DEVICE_FAMILY = "1,2";
				TEST_TARGET_NAME = ReadScrollPositionsAndChangeStartingPoint;
			};
			name = Release;
		};
/* End XCBuildConfiguration section */

/* Begin XCConfigurationList section */
		1DB994512C2C849400790244 /* Build configuration list for PBXProject "ReadScrollPositionsAndChangeStartingPoint" */ = {
			isa = XCConfigurationList;
			buildConfigurations = (
				1DB994782C2C849A00790244 /* Debug */,
				1DB994792C2C849A00790244 /* Release */,
			);
			defaultConfigurationIsVisible = 0;
			defaultConfigurationName = Release;
		};
		1DB9947A2C2C849A00790244 /* Build configuration list for PBXNativeTarget "ReadScrollPositionsAndChangeStartingPoint" */ = {
			isa = XCConfigurationList;
			buildConfigurations = (
				1DB9947B2C2C849A00790244 /* Debug */,
				1DB9947C2C2C849A00790244 /* Release */,
			);
			defaultConfigurationIsVisible = 0;
			defaultConfigurationName = Release;
		};
		1DB9947D2C2C849A00790244 /* Build configuration list for PBXNativeTarget "ReadScrollPositionsAndChangeStartingPointTests" */ = {
			isa = XCConfigurationList;
			buildConfigurations = (
				1DB9947E2C2C849A00790244 /* Debug */,
				1DB9947F2C2C849A00790244 /* Release */,
			);
			defaultConfigurationIsVisible = 0;
			defaultConfigurationName = Release;
		};
		1DB994802C2C849A00790244 /* Build configuration list for PBXNativeTarget "ReadScrollPositionsAndChangeStartingPointUITests" */ = {
			isa = XCConfigurationList;
			buildConfigurations = (
				1DB994812C2C849A00790244 /* Debug */,
				1DB994822C2C849A00790244 /* Release */,
			);
			defaultConfigurationIsVisible = 0;
			defaultConfigurationName = Release;
		};
/* End XCConfigurationList section */
	};
	rootObject = 1DB9944E2C2C849400790244 /* Project object */;
}
